
Microsoft Visual Studio Solution File, Format Version 12.00
# Visual Studio 14
VisualStudioVersion = 14.0.25420.1
MinimumVisualStudioVersion = 10.0.40219.1
Project("{FAE04EC0-301F-11D3-BF4B-00C04F79EFBC}") = "SimpleWebScraper", "SimpleWebScraper\SimpleWebScraper.csproj", "{764FAF92-796F-40B2-912E-3523E23CA02D}"
EndProject
Project("{FAE04EC0-301F-11D3-BF4B-00C04F79EFBC}") = "SimpleWebScraper.Test.Unit", "SimpleWebScraper.Test.Unit\SimpleWebScraper.Test.Unit.csproj", "{244DC2DC-3248-4363-93D4-341EEE3DB53C}"
EndProject
Global
	GlobalSection(SolutionConfigurationPlatforms) = preSolution
		Debug|Any CPU = Debug|Any CPU
		Release|Any CPU = Release|Any CPU
	EndGlobalSection
	GlobalSection(ProjectConfigurationPlatforms) = postSolution
		{764FAF92-796F-40B2-912E-3523E23CA02D}.Debug|Any CPU.ActiveCfg = Debug|Any CPU
		{764FAF92-796F-40B2-912E-3523E23CA02D}.Debug|Any CPU.Build.0 = Debug|Any CPU
		{764FAF92-796F-40B2-912E-3523E23CA02D}.Release|Any CPU.ActiveCfg = Release|Any CPU
		{764FAF92-796F-40B2-912E-3523E23CA02D}.Release|Any CPU.Build.0 = Release|Any CPU
		{244DC2DC-3248-4363-93D4-341EEE3DB53C}.Debug|Any CPU.ActiveCfg = Debug|Any CPU
		{244DC2DC-3248-4363-93D4-341EEE3DB53C}.Debug|Any CPU.Build.0 = Debug|Any CPU
		{244DC2DC-3248-4363-93D4-341EEE3DB53C}.Release|Any CPU.ActiveCfg = Release|Any CPU
		{244DC2DC-3248-4363-93D4-341EEE3DB53C}.Release|Any CPU.Build.0 = Release|Any CPU
	EndGlobalSection
	GlobalSection(SolutionProperties) = preSolution
		HideSolutionNode = FALSE
	EndGlobalSection
EndGlobal
